
Microsoft Visual Studio Solution File, Format Version 12.00
# Visual Studio Version 17
VisualStudioVersion = 17.7.34221.43
MinimumVisualStudioVersion = 10.0.40219.1
Project("{FAE04EC0-301F-11D3-BF4B-00C04F79EFBC}") = "Projeto Clinica", "Projeto Clinica\Projeto Clinica.csproj", "{7AF4B3F2-BCBE-4DCE-B67F-7C6DF33981FF}"
EndProject
Global
	GlobalSection(SolutionConfigurationPlatforms) = preSolution
		Debug|Any CPU = Debug|Any CPU
		Release|Any CPU = Release|Any CPU
	EndGlobalSection
	GlobalSection(ProjectConfigurationPlatforms) = postSolution
		{7AF4B3F2-BCBE-4DCE-B67F-7C6DF33981FF}.Debug|Any CPU.ActiveCfg = Debug|Any CPU
		{7AF4B3F2-BCBE-4DCE-B67F-7C6DF33981FF}.Debug|Any CPU.Build.0 = Debug|Any CPU
		{7AF4B3F2-BCBE-4DCE-B67F-7C6DF33981FF}.Release|Any CPU.ActiveCfg = Release|Any CPU
		{7AF4B3F2-BCBE-4DCE-B67F-7C6DF33981FF}.Release|Any CPU.Build.0 = Release|Any CPU
	EndGlobalSection
	GlobalSection(SolutionProperties) = preSolution
		HideSolutionNode = FALSE
	EndGlobalSection
	GlobalSection(ExtensibilityGlobals) = postSolution
		SolutionGuid = {914336F3-58AA-4F57-82DE-44BC2E2FF6B7}
	EndGlobalSection
EndGlobal
